
Microsoft Visual Studio Solution File, Format Version 12.00
# Visual Studio Version 17
VisualStudioVersion = 17.1.32414.318
MinimumVisualStudioVersion = 10.0.40219.1
Project("{FAE04EC0-301F-11D3-BF4B-00C04F79EFBC}") = "HomeWork1", "HomeWork1\HomeWork1.csproj", "{5BDA8B63-5290-4DCC-A8D8-5E52C310C7C3}"
EndProject
Global
	GlobalSection(SolutionConfigurationPlatforms) = preSolution
		Debug|Any CPU = Debug|Any CPU
		Release|Any CPU = Release|Any CPU
	EndGlobalSection
	GlobalSection(ProjectConfigurationPlatforms) = postSolution
		{5BDA8B63-5290-4DCC-A8D8-5E52C310C7C3}.Debug|Any CPU.ActiveCfg = Debug|Any CPU
		{5BDA8B63-5290-4DCC-A8D8-5E52C310C7C3}.Debug|Any CPU.Build.0 = Debug|Any CPU
		{5BDA8B63-5290-4DCC-A8D8-5E52C310C7C3}.Release|Any CPU.ActiveCfg = Release|Any CPU
		{5BDA8B63-5290-4DCC-A8D8-5E52C310C7C3}.Release|Any CPU.Build.0 = Release|Any CPU
	EndGlobalSection
	GlobalSection(SolutionProperties) = preSolution
		HideSolutionNode = FALSE
	EndGlobalSection
	GlobalSection(ExtensibilityGlobals) = postSolution
		SolutionGuid = {2FF5A1C1-3625-41AC-8663-4907DC6D70E7}
	EndGlobalSection
EndGlobal
